
Microsoft Visual Studio Solution File, Format Version 12.00
# Visual Studio Version 16
VisualStudioVersion = 16.0.30804.86
MinimumVisualStudioVersion = 10.0.40219.1
Project("{FAE04EC0-301F-11D3-BF4B-00C04F79EFBC}") = "SampleCustomAction", "SampleCustomAction\SampleCustomAction.csproj", "{6B746433-ABD3-46DE-8CAC-6B962B5C67A7}"
EndProject
Global
	GlobalSection(SolutionConfigurationPlatforms) = preSolution
		Debug|Any CPU = Debug|Any CPU
		Release|Any CPU = Release|Any CPU
	EndGlobalSection
	GlobalSection(ProjectConfigurationPlatforms) = postSolution
		{6B746433-ABD3-46DE-8CAC-6B962B5C67A7}.Debug|Any CPU.ActiveCfg = Debug|Any CPU
		{6B746433-ABD3-46DE-8CAC-6B962B5C67A7}.Debug|Any CPU.Build.0 = Debug|Any CPU
		{6B746433-ABD3-46DE-8CAC-6B962B5C67A7}.Release|Any CPU.ActiveCfg = Release|Any CPU
		{6B746433-ABD3-46DE-8CAC-6B962B5C67A7}.Release|Any CPU.Build.0 = Release|Any CPU
	EndGlobalSection
	GlobalSection(SolutionProperties) = preSolution
		HideSolutionNode = FALSE
	EndGlobalSection
	GlobalSection(ExtensibilityGlobals) = postSolution
		SolutionGuid = {CE485D63-5650-4B67-BE36-1A51FF87EDF2}
	EndGlobalSection
EndGlobal
